FORGE
  remote: https://forgeapi.puppetlabs.com
  specs:
    puppet-archive (7.1.0)
      puppetlabs-stdlib (>= 4.18.0, < 10.0.0)
    puppet-extlib (7.0.0)
      puppetlabs-stdlib (>= 4.18.0, < 10.0.0)
    puppet-systemd (7.0.0)
      puppetlabs-inifile (>= 1.6.0, < 7.0.0)
      puppetlabs-stdlib (>= 8.5.0, < 10.0.0)
    puppetlabs-apt (9.4.0)
      puppetlabs-stdlib (>= 9.0.0, < 10.0.0)
    puppetlabs-concat (9.0.2)
      puppetlabs-stdlib (>= 9.0.0, < 10.0.0)
    puppetlabs-firewall (8.0.1)
      puppetlabs-stdlib (>= 9.0.0, < 10.0.0)
    puppetlabs-inifile (6.1.1)
      puppetlabs-stdlib (>= 4.13.0, < 10.0.0)
    puppetlabs-postgresql (10.3.0)
      puppet-systemd (>= 4.0.1, < 8.0.0)
      puppetlabs-apt (>= 9.2.0, < 10.0.0)
      puppetlabs-concat (>= 4.1.0, < 10.0.0)
      puppetlabs-stdlib (>= 9.0.0, < 10.0.0)
    puppetlabs-puppetdb (8.1.0)
      puppetlabs-firewall (>= 7.0.0, < 9.0.0)
      puppetlabs-inifile (>= 1.1.3, < 7.0.0)
      puppetlabs-postgresql (>= 10.0.0, < 11.0.0)
      puppetlabs-stdlib (>= 4.13.1, < 10.0.0)
    puppetlabs-stdlib (9.6.0)
    saz-locales (3.2.0)
    theforeman-puppet (19.2.0)
      puppet-extlib (>= 3.0.0, < 8.0.0)
      puppet-systemd (>= 2.9.0, < 8.0.0)
      puppetlabs-concat (>= 4.1.0, < 10.0.0)
      puppetlabs-stdlib (>= 9.0.0, < 10.0.0)

DEPENDENCIES
  puppet-archive (= 7.1.0)
  puppetlabs-postgresql (= 10.3.0)
  puppetlabs-puppetdb (= 8.1.0)
  saz-locales (= 3.2.0)
  theforeman-puppet (= 19.2.0)

